<?xml version="1.0" encoding="utf-8"?>
<Project ToolsVersion="4.0" xmlns="http://schemas.microsoft.com/developer/msbuild/2003">
  <ItemGroup>
    <Filter Include="Source">
      <UniqueIdentifier>{b25d0e1e-c229-4ea5-bc2e-a95a660f0bc3}</UniqueIdentifier>
    </Filter>
    <Filter Include="Source\Common">
      <UniqueIdentifier>{38663b84-b693-4612-a986-f014f23ccca7}</UniqueIdentifier>
    </Filter>
    <Filter Include="Source\Common\Math">
      <UniqueIdentifier>{15e2a607-75f6-4776-b96e-cf1ce9406364}</UniqueIdentifier>
    </Filter>
    <Filter Include="Source\Core">
      <UniqueIdentifier>{d64c2730-5226-467c-bf40-c68833b6881f}</UniqueIdentifier>
    </Filter>
    <Filter Include="Source\Core\Color">
      <UniqueIdentifier>{cf8280ab-dabf-4d3b-9367-f02631c67764}</UniqueIdentifier>
    </Filter>
    <Filter Include="Source\Common\Tool">
      <UniqueIdentifier>{b010eaa7-c6a5-4c67-9b0f-b7010339cba0}</UniqueIdentifier>
    </Filter>
    <Filter Include="Source\Core\Object">
      <UniqueIdentifier>{87adc243-6125-4df4-a884-f5db42d5f17f}</UniqueIdentifier>
    </Filter>
    <Filter Include="Source\Core\Shape">
      <UniqueIdentifier>{6be75074-2ac8-41d6-946f-441c4622da86}</UniqueIdentifier>
    </Filter>
  </ItemGroup>
  <ItemGroup>
    <ClInclude Include="Source\common\math\Vec2.h">
      <Filter>Source\Common\Math</Filter>
    </ClInclude>
    <ClInclude Include="Source\common\math\Vec3.h">
      <Filter>Source\Common\Math</Filter>
    </ClInclude>
    <ClInclude Include="Source\common\math\Vec4.h">
      <Filter>Source\Common\Math</Filter>
    </ClInclude>
    <ClInclude Include="Source\common\math\Bounds2.h">
      <Filter>Source\Common\Math</Filter>
    </ClInclude>
    <ClInclude Include="Source\common\math\Bounds3.h">
      <Filter>Source\Common\Math</Filter>
    </ClInclude>
    <ClInclude Include="Source\common\math\Mat3.h">
      <Filter>Source\Common\Math</Filter>
    </ClInclude>
    <ClInclude Include="Source\common\math\Transform.h">
      <Filter>Source\Common\Math</Filter>
    </ClInclude>
    <ClInclude Include="Source\common\math\Mat4.h">
      <Filter>Source\Common\Math</Filter>
    </ClInclude>
    <ClInclude Include="Source\common\math\Constants.h">
      <Filter>Source\Common\Math</Filter>
    </ClInclude>
    <ClInclude Include="Source\common\math\Quaternion.h">
      <Filter>Source\Common\Math</Filter>
    </ClInclude>
    <ClInclude Include="Source\core\Ray.h">
      <Filter>Source\Core</Filter>
    </ClInclude>
    <ClInclude Include="Source\core\color\CoefficientSpectrum.h">
      <Filter>Source\Core\Color</Filter>
    </ClInclude>
    <ClInclude Include="Source\core\color\SampledSpectrum.h">
      <Filter>Source\Core\Color</Filter>
    </ClInclude>
    <ClInclude Include="Source\pch.h">
      <Filter>Source</Filter>
    </ClInclude>
    <ClInclude Include="Source\common\tool\DebugTools.h">
      <Filter>Source\Common\Tool</Filter>
    </ClInclude>
    <ClInclude Include="Source\common\tool\ImageManager.h">
      <Filter>Source\Common\Tool</Filter>
    </ClInclude>
    <ClInclude Include="Source\Scene.h">
      <Filter>Source\Common</Filter>
    </ClInclude>
    <ClInclude Include="Source\Window.h">
      <Filter>Source\Common</Filter>
    </ClInclude>
    <ClInclude Include="Source\ObjectsManager.h">
      <Filter>Source\Core\Object</Filter>
    </ClInclude>
    <ClInclude Include="Source\Object.h">
      <Filter>Source\Core\Object</Filter>
    </ClInclude>
    <ClInclude Include="Source\Sphere.h">
      <Filter>Source\Core\Object</Filter>
    </ClInclude>
    <ClInclude Include="Source\core\color\RGBSpectrum.h">
      <Filter>Source\Core\Color</Filter>
    </ClInclude>
    <ClInclude Include="Source\TestCompiling.h">
      <Filter>Source</Filter>
    </ClInclude>
    <ClInclude Include="Source\core\color\ColorExtern.h">
      <Filter>Source\Core\Color</Filter>
    </ClInclude>
    <ClInclude Include="Source\core\shape\Shape.h">
      <Filter>Source\Core\Shape</Filter>
    </ClInclude>
    <ClInclude Include="Source\core\shape\Triangle.h">
      <Filter>Source\Core\Shape</Filter>
    </ClInclude>
  </ItemGroup>
  <ItemGroup>
    <ClCompile Include="Source\main.cpp">
      <Filter>Source</Filter>
    </ClCompile>
  </ItemGroup>
</Project>